// !$*UTF8*$!
{
	archiveVersion = 1;
	classes = {
	};
	objectVersion = 55;
	objects = {

/* Begin PBXBuildFile section */
		F20C76DF29CF3BD500237569 /* PlayerData.swift in Sources */ = {isa = PBXBuildFile; fileRef = F20C76DE29CF3BD500237569 /* PlayerData.swift */; };
		F20C76E129CF405E00237569 /* DataController.swift in Sources */ = {isa = PBXBuildFile; fileRef = F20C76E029CF405E00237569 /* DataController.swift */; };
		F217378929E4475D000CCC86 /* PlayerModel.swift in Sources */ = {isa = PBXBuildFile; fileRef = F217378829E4475D000CCC86 /* PlayerModel.swift */; };
		F21B79632A02A99200F9F2D2 /* SVGKit in Frameworks */ = {isa = PBXBuildFile; productRef = F21B79622A02A99200F9F2D2 /* SVGKit */; };
		F21B79652A02A99200F9F2D2 /* SVGKitSwift in Frameworks */ = {isa = PBXBuildFile; productRef = F21B79642A02A99200F9F2D2 /* SVGKitSwift */; };
		F24035AD29B661420001FA70 /* ResultScreen.swift in Sources */ = {isa = PBXBuildFile; fileRef = F24035AC29B661420001FA70 /* ResultScreen.swift */; };
		F2BC14982880CA9C0018E946 /* AppDelegate.swift in Sources */ = {isa = PBXBuildFile; fileRef = F2BC14972880CA9C0018E946 /* AppDelegate.swift */; };
		F2BC149A2880CA9C0018E946 /* SceneDelegate.swift in Sources */ = {isa = PBXBuildFile; fileRef = F2BC14992880CA9C0018E946 /* SceneDelegate.swift */; };
		F2BC149C2880CA9C0018E946 /* SearchScreen.swift in Sources */ = {isa = PBXBuildFile; fileRef = F2BC149B2880CA9C0018E946 /* SearchScreen.swift */; };
		F2BC14A12880CAA30018E946 /* Assets.xcassets in Resources */ = {isa = PBXBuildFile; fileRef = F2BC14A02880CAA30018E946 /* Assets.xcassets */; };
		F2BC14A42880CAA30018E946 /* LaunchScreen.storyboard in Resources */ = {isa = PBXBuildFile; fileRef = F2BC14A22880CAA30018E946 /* LaunchScreen.storyboard */; };
		F2EAB3662A044D9B003E6C8C /* sampleEndorsementIcon.svg in Resources */ = {isa = PBXBuildFile; fileRef = F2EAB3652A044D9B003E6C8C /* sampleEndorsementIcon.svg */; };
		F2FA86AA29D4D92800A144C1 /* UIResponder+Utils.swift in Sources */ = {isa = PBXBuildFile; fileRef = F2FA86A929D4D92800A144C1 /* UIResponder+Utils.swift */; };
/* End PBXBuildFile section */

/* Begin PBXFileReference section */
		F20C76DE29CF3BD500237569 /* PlayerData.swift */ = {isa = PBXFileReference; lastKnownFileType = sourcecode.swift; path = PlayerData.swift; sourceTree = "<group>"; };
		F20C76E029CF405E00237569 /* DataController.swift */ = {isa = PBXFileReference; lastKnownFileType = sourcecode.swift; path = DataController.swift; sourceTree = "<group>"; };
		F217378829E4475D000CCC86 /* PlayerModel.swift */ = {isa = PBXFileReference; lastKnownFileType = sourcecode.swift; path = PlayerModel.swift; sourceTree = "<group>"; };
		F24035AC29B661420001FA70 /* ResultScreen.swift */ = {isa = PBXFileReference; lastKnownFileType = sourcecode.swift; path = ResultScreen.swift; sourceTree = "<group>"; };
		F2BC14942880CA9C0018E946 /* OverStats.app */ = {isa = PBXFileReference; explicitFileType = wrapper.application; includeInIndex = 0; path = OverStats.app; sourceTree = BUILT_PRODUCTS_DIR; };
		F2BC14972880CA9C0018E946 /* AppDelegate.swift */ = {isa = PBXFileReference; lastKnownFileType = sourcecode.swift; path = AppDelegate.swift; sourceTree = "<group>"; };
		F2BC14992880CA9C0018E946 /* SceneDelegate.swift */ = {isa = PBXFileReference; lastKnownFileType = sourcecode.swift; path = SceneDelegate.swift; sourceTree = "<group>"; };
		F2BC149B2880CA9C0018E946 /* SearchScreen.swift */ = {isa = PBXFileReference; lastKnownFileType = sourcecode.swift; path = SearchScreen.swift; sourceTree = "<group>"; };
		F2BC14A02880CAA30018E946 /* Assets.xcassets */ = {isa = PBXFileReference; lastKnownFileType = folder.assetcatalog; path = Assets.xcassets; sourceTree = "<group>"; };
		F2BC14A32880CAA30018E946 /* Base */ = {isa = PBXFileReference; lastKnownFileType = file.storyboard; name = Base; path = Base.lproj/LaunchScreen.storyboard; sourceTree = "<group>"; };
		F2BC14A52880CAA30018E946 /* Info.plist */ = {isa = PBXFileReference; lastKnownFileType = text.plist.xml; path = Info.plist; sourceTree = "<group>"; };
		F2EAB3652A044D9B003E6C8C /* sampleEndorsementIcon.svg */ = {isa = PBXFileReference; fileEncoding = 4; lastKnownFileType = text.xml; path = sampleEndorsementIcon.svg; sourceTree = "<group>"; };
		F2FA86A929D4D92800A144C1 /* UIResponder+Utils.swift */ = {isa = PBXFileReference; lastKnownFileType = sourcecode.swift; path = "UIResponder+Utils.swift"; sourceTree = "<group>"; };
/* End PBXFileReference section */

/* Begin PBXFrameworksBuildPhase section */
		F2BC14912880CA9C0018E946 /* Frameworks */ = {
			isa = PBXFrameworksBuildPhase;
			buildActionMask = 2147483647;
			files = (
				F21B79652A02A99200F9F2D2 /* SVGKitSwift in Frameworks */,
				F21B79632A02A99200F9F2D2 /* SVGKit in Frameworks */,
			);
			runOnlyForDeploymentPostprocessing = 0;
		};
/* End PBXFrameworksBuildPhase section */

/* Begin PBXGroup section */
		F24035AB29B65CB20001FA70 /* Views */ = {
			isa = PBXGroup;
			children = (
				F2BC149B2880CA9C0018E946 /* SearchScreen.swift */,
				F24035AC29B661420001FA70 /* ResultScreen.swift */,
			);
			path = Views;
			sourceTree = "<group>";
		};
		F26A1AC429BF7FF300D81641 /* Model */ = {
			isa = PBXGroup;
			children = (
				F20C76DE29CF3BD500237569 /* PlayerData.swift */,
				F217378829E4475D000CCC86 /* PlayerModel.swift */,
			);
			path = Model;
			sourceTree = "<group>";
		};
		F26A1AC529BF7FFE00D81641 /* Controller */ = {
			isa = PBXGroup;
			children = (
				F20C76E029CF405E00237569 /* DataController.swift */,
				F2EAB3652A044D9B003E6C8C /* sampleEndorsementIcon.svg */,
			);
			path = Controller;
			sourceTree = "<group>";
		};
		F2BC148B2880CA9C0018E946 = {
			isa = PBXGroup;
			children = (
				F2BC14962880CA9C0018E946 /* OverStats */,
				F2BC14952880CA9C0018E946 /* Products */,
			);
			sourceTree = "<group>";
		};
		F2BC14952880CA9C0018E946 /* Products */ = {
			isa = PBXGroup;
			children = (
				F2BC14942880CA9C0018E946 /* OverStats.app */,
			);
			name = Products;
			sourceTree = "<group>";
		};
		F2BC14962880CA9C0018E946 /* OverStats */ = {
			isa = PBXGroup;
			children = (
				F2FA86A829D4D8FC00A144C1 /* Utils */,
				F2BC14972880CA9C0018E946 /* AppDelegate.swift */,
				F2BC14992880CA9C0018E946 /* SceneDelegate.swift */,
				F26A1AC429BF7FF300D81641 /* Model */,
				F24035AB29B65CB20001FA70 /* Views */,
				F26A1AC529BF7FFE00D81641 /* Controller */,
				F2BC14A02880CAA30018E946 /* Assets.xcassets */,
				F2BC14A22880CAA30018E946 /* LaunchScreen.storyboard */,
				F2BC14A52880CAA30018E946 /* Info.plist */,
			);
			path = OverStats;
			sourceTree = "<group>";
		};
		F2FA86A829D4D8FC00A144C1 /* Utils */ = {
			isa = PBXGroup;
			children = (
				F2FA86A929D4D92800A144C1 /* UIResponder+Utils.swift */,
			);
			path = Utils;
			sourceTree = "<group>";
		};
/* End PBXGroup section */

/* Begin PBXNativeTarget section */
		F2BC14932880CA9C0018E946 /* OverStats */ = {
			isa = PBXNativeTarget;
			buildConfigurationList = F2BC14A82880CAA30018E946 /* Build configuration list for PBXNativeTarget "OverStats" */;
			buildPhases = (
				F2BC14902880CA9C0018E946 /* Sources */,
				F2BC14912880CA9C0018E946 /* Frameworks */,
				F2BC14922880CA9C0018E946 /* Resources */,
			);
			buildRules = (
			);
			dependencies = (
			);
			name = OverStats;
			packageProductDependencies = (
				F21B79622A02A99200F9F2D2 /* SVGKit */,
				F21B79642A02A99200F9F2D2 /* SVGKitSwift */,
			);
			productName = OverStats;
			productReference = F2BC14942880CA9C0018E946 /* OverStats.app */;
			productType = "com.apple.product-type.application";
		};
/* End PBXNativeTarget section */

/* Begin PBXProject section */
		F2BC148C2880CA9C0018E946 /* Project object */ = {
			isa = PBXProject;
			attributes = {
				BuildIndependentTargetsInParallel = 1;
				LastSwiftUpdateCheck = 1340;
				LastUpgradeCheck = 1340;
				TargetAttributes = {
					F2BC14932880CA9C0018E946 = {
						CreatedOnToolsVersion = 13.4.1;
					};
				};
			};
			buildConfigurationList = F2BC148F2880CA9C0018E946 /* Build configuration list for PBXProject "OverStats" */;
			compatibilityVersion = "Xcode 13.0";
			developmentRegion = en;
			hasScannedForEncodings = 0;
			knownRegions = (
				en,
				Base,
			);
			mainGroup = F2BC148B2880CA9C0018E946;
			packageReferences = (
				F21B79612A02A99200F9F2D2 /* XCRemoteSwiftPackageReference "SVGKit" */,
			);
			productRefGroup = F2BC14952880CA9C0018E946 /* Products */;
			projectDirPath = "";
			projectRoot = "";
			targets = (
				F2BC14932880CA9C0018E946 /* OverStats */,
			);
		};
/* End PBXProject section */

/* Begin PBXResourcesBuildPhase section */
		F2BC14922880CA9C0018E946 /* Resources */ = {
			isa = PBXResourcesBuildPhase;
			buildActionMask = 2147483647;
			files = (
				F2BC14A42880CAA30018E946 /* LaunchScreen.storyboard in Resources */,
				F2EAB3662A044D9B003E6C8C /* sampleEndorsementIcon.svg in Resources */,
				F2BC14A12880CAA30018E946 /* Assets.xcassets in Resources */,
			);
			runOnlyForDeploymentPostprocessing = 0;
		};
/* End PBXResourcesBuildPhase section */

/* Begin PBXSourcesBuildPhase section */
		F2BC14902880CA9C0018E946 /* Sources */ = {
			isa = PBXSourcesBuildPhase;
			buildActionMask = 2147483647;
			files = (
				F20C76DF29CF3BD500237569 /* PlayerData.swift in Sources */,
				F2FA86AA29D4D92800A144C1 /* UIResponder+Utils.swift in Sources */,
				F217378929E4475D000CCC86 /* PlayerModel.swift in Sources */,
				F20C76E129CF405E00237569 /* DataController.swift in Sources */,
				F2BC149C2880CA9C0018E946 /* SearchScreen.swift in Sources */,
				F2BC14982880CA9C0018E946 /* AppDelegate.swift in Sources */,
				F24035AD29B661420001FA70 /* ResultScreen.swift in Sources */,
				F2BC149A2880CA9C0018E946 /* SceneDelegate.swift in Sources */,
			);
			runOnlyForDeploymentPostprocessing = 0;
		};
/* End PBXSourcesBuildPhase section */

/* Begin PBXVariantGroup section */
		F2BC14A22880CAA30018E946 /* LaunchScreen.storyboard */ = {
			isa = PBXVariantGroup;
			children = (
				F2BC14A32880CAA30018E946 /* Base */,
			);
			name = LaunchScreen.storyboard;
			sourceTree = "<group>";
		};
/* End PBXVariantGroup section */

/* Begin XCBuildConfiguration section */
		F2BC14A62880CAA30018E946 /* Debug */ = {
			isa = XCBuildConfiguration;
			buildSettings = {
				ALWAYS_SEARCH_USER_PATHS = NO;
				CLANG_ANALYZER_NONNULL = YES;
				CLANG_ANALYZER_NUMBER_OBJECT_CONVERSION = YES_AGGRESSIVE;
				CLANG_CXX_LANGUAGE_STANDARD = "gnu++17";
				CLANG_ENABLE_MODULES = YES;
				CLANG_ENABLE_OBJC_ARC = YES;
				CLANG_ENABLE_OBJC_WEAK = YES;
				CLANG_WARN_BLOCK_CAPTURE_AUTORELEASING = YES;
				CLANG_WARN_BOOL_CONVERSION = YES;
				CLANG_WARN_COMMA = YES;
				CLANG_WARN_CONSTANT_CONVERSION = YES;
				CLANG_WARN_DEPRECATED_OBJC_IMPLEMENTATIONS = YES;
				CLANG_WARN_DIRECT_OBJC_ISA_USAGE = YES_ERROR;
				CLANG_WARN_DOCUMENTATION_COMMENTS = YES;
				CLANG_WARN_EMPTY_BODY = YES;
				CLANG_WARN_ENUM_CONVERSION = YES;
				CLANG_WARN_INFINITE_RECURSION = YES;
				CLANG_WARN_INT_CONVERSION = YES;
				CLANG_WARN_NON_LITERAL_NULL_CONVERSION = YES;
				CLANG_WARN_OBJC_IMPLICIT_RETAIN_SELF = YES;
				CLANG_WARN_OBJC_LITERAL_CONVERSION = YES;
				CLANG_WARN_OBJC_ROOT_CLASS = YES_ERROR;
				CLANG_WARN_QUOTED_INCLUDE_IN_FRAMEWORK_HEADER = YES;
				CLANG_WARN_RANGE_LOOP_ANALYSIS = YES;
				CLANG_WARN_STRICT_PROTOTYPES = YES;
				CLANG_WARN_SUSPICIOUS_MOVE = YES;
				CLANG_WARN_UNGUARDED_AVAILABILITY = YES_AGGRESSIVE;
				CLANG_WARN_UNREACHABLE_CODE = YES;
				CLANG_WARN__DUPLICATE_METHOD_MATCH = YES;
				COPY_PHASE_STRIP = NO;
				DEBUG_INFORMATION_FORMAT = dwarf;
				ENABLE_STRICT_OBJC_MSGSEND = YES;
				ENABLE_TESTABILITY = YES;
				GCC_C_LANGUAGE_STANDARD = gnu11;
				GCC_DYNAMIC_NO_PIC = NO;
				GCC_NO_COMMON_BLOCKS = YES;
				GCC_OPTIMIZATION_LEVEL = 0;
				GCC_PREPROCESSOR_DEFINITIONS = (
					"DEBUG=1",
					"$(inherited)",
				);
				GCC_WARN_64_TO_32_BIT_CONVERSION = YES;
				GCC_WARN_ABOUT_RETURN_TYPE = YES_ERROR;
				GCC_WARN_UNDECLARED_SELECTOR = YES;
				GCC_WARN_UNINITIALIZED_AUTOS = YES_AGGRESSIVE;
				GCC_WARN_UNUSED_FUNCTION = YES;
				GCC_WARN_UNUSED_VARIABLE = YES;
				IPHONEOS_DEPLOYMENT_TARGET = 15.5;
				MTL_ENABLE_DEBUG_INFO = INCLUDE_SOURCE;
				MTL_FAST_MATH = YES;
				ONLY_ACTIVE_ARCH = YES;
				SDKROOT = iphoneos;
				SWIFT_ACTIVE_COMPILATION_CONDITIONS = DEBUG;
				SWIFT_OPTIMIZATION_LEVEL = "-Onone";
			};
			name = Debug;
		};
		F2BC14A72880CAA30018E946 /* Release */ = {
			isa = XCBuildConfiguration;
			buildSettings = {
				ALWAYS_SEARCH_USER_PATHS = NO;
				CLANG_ANALYZER_NONNULL = YES;
				CLANG_ANALYZER_NUMBER_OBJECT_CONVERSION = YES_AGGRESSIVE;
				CLANG_CXX_LANGUAGE_STANDARD = "gnu++17";
				CLANG_ENABLE_MODULES = YES;
				CLANG_ENABLE_OBJC_ARC = YES;
				CLANG_ENABLE_OBJC_WEAK = YES;
				CLANG_WARN_BLOCK_CAPTURE_AUTORELEASING = YES;
				CLANG_WARN_BOOL_CONVERSION = YES;
				CLANG_WARN_COMMA = YES;
				CLANG_WARN_CONSTANT_CONVERSION = YES;
				CLANG_WARN_DEPRECATED_OBJC_IMPLEMENTATIONS = YES;
				CLANG_WARN_DIRECT_OBJC_ISA_USAGE = YES_ERROR;
				CLANG_WARN_DOCUMENTATION_COMMENTS = YES;
				CLANG_WARN_EMPTY_BODY = YES;
				CLANG_WARN_ENUM_CONVERSION = YES;
				CLANG_WARN_INFINITE_RECURSION = YES;
				CLANG_WARN_INT_CONVERSION = YES;
				CLANG_WARN_NON_LITERAL_NULL_CONVERSION = YES;
				CLANG_WARN_OBJC_IMPLICIT_RETAIN_SELF = YES;
				CLANG_WARN_OBJC_LITERAL_CONVERSION = YES;
				CLANG_WARN_OBJC_ROOT_CLASS = YES_ERROR;
				CLANG_WARN_QUOTED_INCLUDE_IN_FRAMEWORK_HEADER = YES;
				CLANG_WARN_RANGE_LOOP_ANALYSIS = YES;
				CLANG_WARN_STRICT_PROTOTYPES = YES;
				CLANG_WARN_SUSPICIOUS_MOVE = YES;
				CLANG_WARN_UNGUARDED_AVAILABILITY = YES_AGGRESSIVE;
				CLANG_WARN_UNREACHABLE_CODE = YES;
				CLANG_WARN__DUPLICATE_METHOD_MATCH = YES;
				COPY_PHASE_STRIP = NO;
				DEBUG_INFORMATION_FORMAT = "dwarf-with-dsym";
				ENABLE_NS_ASSERTIONS = NO;
				ENABLE_STRICT_OBJC_MSGSEND = YES;
				GCC_C_LANGUAGE_STANDARD = gnu11;
				GCC_NO_COMMON_BLOCKS = YES;
				GCC_WARN_64_TO_32_BIT_CONVERSION = YES;
				GCC_WARN_ABOUT_RETURN_TYPE = YES_ERROR;
				GCC_WARN_UNDECLARED_SELECTOR = YES;
				GCC_WARN_UNINITIALIZED_AUTOS = YES_AGGRESSIVE;
				GCC_WARN_UNUSED_FUNCTION = YES;
				GCC_WARN_UNUSED_VARIABLE = YES;
				IPHONEOS_DEPLOYMENT_TARGET = 15.5;
				MTL_ENABLE_DEBUG_INFO = NO;
				MTL_FAST_MATH = YES;
				SDKROOT = iphoneos;
				SWIFT_COMPILATION_MODE = wholemodule;
				SWIFT_OPTIMIZATION_LEVEL = "-O";
				VALIDATE_PRODUCT = YES;
			};
			name = Release;
		};
		F2BC14A92880CAA30018E946 /* Debug */ = {
			isa = XCBuildConfiguration;
			buildSettings = {
				ASSETCATALOG_COMPILER_APPICON_NAME = AppIcon;
				ASSETCATALOG_COMPILER_GLOBAL_ACCENT_COLOR_NAME = AccentColor;
				CODE_SIGN_STYLE = Automatic;
				CURRENT_PROJECT_VERSION = 1;
				DEVELOPMENT_TEAM = 236Z37X94C;
				GENERATE_INFOPLIST_FILE = YES;
				INFOPLIST_FILE = OverStats/Info.plist;
				INFOPLIST_KEY_UIApplicationSupportsIndirectInputEvents = YES;
				INFOPLIST_KEY_UILaunchStoryboardName = LaunchScreen;
				INFOPLIST_KEY_UISupportedInterfaceOrientations_iPad = "UIInterfaceOrientationPortrait UIInterfaceOrientationPortraitUpsideDown UIInterfaceOrientationLandscapeLeft UIInterfaceOrientationLandscapeRight";
				INFOPLIST_KEY_UISupportedInterfaceOrientations_iPhone = "UIInterfaceOrientationPortrait UIInterfaceOrientationLandscapeLeft UIInterfaceOrientationLandscapeRight";
				LD_RUNPATH_SEARCH_PATHS = (
					"$(inherited)",
					"@executable_path/Frameworks",
				);
				MARKETING_VERSION = 1.0;
				PRODUCT_BUNDLE_IDENTIFIER = com.alexanderkorepanov.OverStats;
				PRODUCT_NAME = "$(TARGET_NAME)";
				SWIFT_EMIT_LOC_STRINGS = YES;
				SWIFT_VERSION = 5.0;
				TARGETED_DEVICE_FAMILY = 1;
			};
			name = Debug;
		};
		F2BC14AA2880CAA30018E946 /* Release */ = {
			isa = XCBuildConfiguration;
			buildSettings = {
				ASSETCATALOG_COMPILER_APPICON_NAME = AppIcon;
				ASSETCATALOG_COMPILER_GLOBAL_ACCENT_COLOR_NAME = AccentColor;
				CODE_SIGN_STYLE = Automatic;
				CURRENT_PROJECT_VERSION = 1;
				DEVELOPMENT_TEAM = 236Z37X94C;
				GENERATE_INFOPLIST_FILE = YES;
				INFOPLIST_FILE = OverStats/Info.plist;
				INFOPLIST_KEY_UIApplicationSupportsIndirectInputEvents = YES;
				INFOPLIST_KEY_UILaunchStoryboardName = LaunchScreen;
				INFOPLIST_KEY_UISupportedInterfaceOrientations_iPad = "UIInterfaceOrientationPortrait UIInterfaceOrientationPortraitUpsideDown UIInterfaceOrientationLandscapeLeft UIInterfaceOrientationLandscapeRight";
				INFOPLIST_KEY_UISupportedInterfaceOrientations_iPhone = "UIInterfaceOrientationPortrait UIInterfaceOrientationLandscapeLeft UIInterfaceOrientationLandscapeRight";
				LD_RUNPATH_SEARCH_PATHS = (
					"$(inherited)",
					"@executable_path/Frameworks",
				);
				MARKETING_VERSION = 1.0;
				PRODUCT_BUNDLE_IDENTIFIER = com.alexanderkorepanov.OverStats;
				PRODUCT_NAME = "$(TARGET_NAME)";
				SWIFT_EMIT_LOC_STRINGS = YES;
				SWIFT_VERSION = 5.0;
				TARGETED_DEVICE_FAMILY = 1;
			};
			name = Release;
		};
/* End XCBuildConfiguration section */

/* Begin XCConfigurationList section */
		F2BC148F2880CA9C0018E946 /* Build configuration list for PBXProject "OverStats" */ = {
			isa = XCConfigurationList;
			buildConfigurations = (
				F2BC14A62880CAA30018E946 /* Debug */,
				F2BC14A72880CAA30018E946 /* Release */,
			);
			defaultConfigurationIsVisible = 0;
			defaultConfigurationName = Release;
		};
		F2BC14A82880CAA30018E946 /* Build configuration list for PBXNativeTarget "OverStats" */ = {
			isa = XCConfigurationList;
			buildConfigurations = (
				F2BC14A92880CAA30018E946 /* Debug */,
				F2BC14AA2880CAA30018E946 /* Release */,
			);
			defaultConfigurationIsVisible = 0;
			defaultConfigurationName = Release;
		};
/* End XCConfigurationList section */

/* Begin XCRemoteSwiftPackageReference section */
		F21B79612A02A99200F9F2D2 /* XCRemoteSwiftPackageReference "SVGKit" */ = {
			isa = XCRemoteSwiftPackageReference;
			repositoryURL = "https://github.com/SVGKit/SVGKit";
			requirement = {
				kind = upToNextMajorVersion;
				minimumVersion = 3.0.0;
			};
		};
/* End XCRemoteSwiftPackageReference section */

/* Begin XCSwiftPackageProductDependency section */
		F21B79622A02A99200F9F2D2 /* SVGKit */ = {
			isa = XCSwiftPackageProductDependency;
			package = F21B79612A02A99200F9F2D2 /* XCRemoteSwiftPackageReference "SVGKit" */;
			productName = SVGKit;
		};
		F21B79642A02A99200F9F2D2 /* SVGKitSwift */ = {
			isa = XCSwiftPackageProductDependency;
			package = F21B79612A02A99200F9F2D2 /* XCRemoteSwiftPackageReference "SVGKit" */;
			productName = SVGKitSwift;
		};
/* End XCSwiftPackageProductDependency section */
	};
	rootObject = F2BC148C2880CA9C0018E946 /* Project object */;
}
